
Microsoft Visual Studio Solution File, Format Version 12.00
# Visual Studio Version 16
VisualStudioVersion = 16.0.33801.447
MinimumVisualStudioVersion = 10.0.40219.1
Project("{FAE04EC0-301F-11D3-BF4B-00C04F79EFBC}") = "ControllerInMVC", "ControllerInMVC.csproj", "{70EB0059-A6C9-4AA3-B65B-18BBFD094111}"
EndProject
Global
	GlobalSection(SolutionConfigurationPlatforms) = preSolution
		Debug|Any CPU = Debug|Any CPU
		Release|Any CPU = Release|Any CPU
	EndGlobalSection
	GlobalSection(ProjectConfigurationPlatforms) = postSolution
		{70EB0059-A6C9-4AA3-B65B-18BBFD094111}.Debug|Any CPU.ActiveCfg = Debug|Any CPU
		{70EB0059-A6C9-4AA3-B65B-18BBFD094111}.Debug|Any CPU.Build.0 = Debug|Any CPU
		{70EB0059-A6C9-4AA3-B65B-18BBFD094111}.Release|Any CPU.ActiveCfg = Release|Any CPU
		{70EB0059-A6C9-4AA3-B65B-18BBFD094111}.Release|Any CPU.Build.0 = Release|Any CPU
	EndGlobalSection
	GlobalSection(SolutionProperties) = preSolution
		HideSolutionNode = FALSE
	EndGlobalSection
	GlobalSection(ExtensibilityGlobals) = postSolution
		SolutionGuid = {3444E12F-765D-4063-B95B-8B48E7BB912C}
	EndGlobalSection
EndGlobal
