
Microsoft Visual Studio Solution File, Format Version 12.00
# Visual Studio Version 16
VisualStudioVersion = 16.0.34301.259
MinimumVisualStudioVersion = 10.0.40219.1
Project("{FAE04EC0-301F-11D3-BF4B-00C04F79EFBC}") = "WebAPI", "WebAPI.csproj", "{D08DA5F4-221D-40BE-92E3-161E4D24210F}"
EndProject
Global
	GlobalSection(SolutionConfigurationPlatforms) = preSolution
		Debug|Any CPU = Debug|Any CPU
		Release|Any CPU = Release|Any CPU
	EndGlobalSection
	GlobalSection(ProjectConfigurationPlatforms) = postSolution
		{D08DA5F4-221D-40BE-92E3-161E4D24210F}.Debug|Any CPU.ActiveCfg = Debug|Any CPU
		{D08DA5F4-221D-40BE-92E3-161E4D24210F}.Debug|Any CPU.Build.0 = Debug|Any CPU
		{D08DA5F4-221D-40BE-92E3-161E4D24210F}.Release|Any CPU.ActiveCfg = Release|Any CPU
		{D08DA5F4-221D-40BE-92E3-161E4D24210F}.Release|Any CPU.Build.0 = Release|Any CPU
	EndGlobalSection
	GlobalSection(SolutionProperties) = preSolution
		HideSolutionNode = FALSE
	EndGlobalSection
	GlobalSection(ExtensibilityGlobals) = postSolution
		SolutionGuid = {6EE85E3A-F07F-44FC-8EE5-8F1B44ED759A}
	EndGlobalSection
EndGlobal
