
Microsoft Visual Studio Solution File, Format Version 12.00
# Visual Studio Version 16
VisualStudioVersion = 16.0.34114.132
MinimumVisualStudioVersion = 10.0.40219.1
Project("{FAE04EC0-301F-11D3-BF4B-00C04F79EFBC}") = "LayoutInMVC", "LayoutInMVC.csproj", "{079B423B-CC00-4049-8355-58B11E2DC548}"
EndProject
Global
	GlobalSection(SolutionConfigurationPlatforms) = preSolution
		Debug|Any CPU = Debug|Any CPU
		Release|Any CPU = Release|Any CPU
	EndGlobalSection
	GlobalSection(ProjectConfigurationPlatforms) = postSolution
		{079B423B-CC00-4049-8355-58B11E2DC548}.Debug|Any CPU.ActiveCfg = Debug|Any CPU
		{079B423B-CC00-4049-8355-58B11E2DC548}.Debug|Any CPU.Build.0 = Debug|Any CPU
		{079B423B-CC00-4049-8355-58B11E2DC548}.Release|Any CPU.ActiveCfg = Release|Any CPU
		{079B423B-CC00-4049-8355-58B11E2DC548}.Release|Any CPU.Build.0 = Release|Any CPU
	EndGlobalSection
	GlobalSection(SolutionProperties) = preSolution
		HideSolutionNode = FALSE
	EndGlobalSection
	GlobalSection(ExtensibilityGlobals) = postSolution
		SolutionGuid = {6025B9AB-9A1B-48ED-80E0-F0512996AA42}
	EndGlobalSection
EndGlobal
